
Microsoft Visual Studio Solution File, Format Version 12.00
# Visual Studio Version 17
VisualStudioVersion = 17.2.32516.85
MinimumVisualStudioVersion = 10.0.40219.1
Project("{FAE04EC0-301F-11D3-BF4B-00C04F79EFBC}") = "WisejWebDesktopApplication1", "WisejWebDesktopApplication1\WisejWebDesktopApplication1.csproj", "{6F74A894-D55C-4E3C-BE60-8EA1B5DDDE22}"
EndProject
Global
	GlobalSection(SolutionConfigurationPlatforms) = preSolution
		Debug|Any CPU = Debug|Any CPU
		Release|Any CPU = Release|Any CPU
	EndGlobalSection
	GlobalSection(ProjectConfigurationPlatforms) = postSolution
		{6F74A894-D55C-4E3C-BE60-8EA1B5DDDE22}.Debug|Any CPU.ActiveCfg = Debug|Any CPU
		{6F74A894-D55C-4E3C-BE60-8EA1B5DDDE22}.Debug|Any CPU.Build.0 = Debug|Any CPU
		{6F74A894-D55C-4E3C-BE60-8EA1B5DDDE22}.Release|Any CPU.ActiveCfg = Release|Any CPU
		{6F74A894-D55C-4E3C-BE60-8EA1B5DDDE22}.Release|Any CPU.Build.0 = Release|Any CPU
	EndGlobalSection
	GlobalSection(SolutionProperties) = preSolution
		HideSolutionNode = FALSE
	EndGlobalSection
	GlobalSection(ExtensibilityGlobals) = postSolution
		SolutionGuid = {56DE6BBF-B7DF-40E0-9565-8BD00220222A}
	EndGlobalSection
EndGlobal
